
Microsoft Visual Studio Solution File, Format Version 12.00
# Visual Studio Version 16
VisualStudioVersion = 16.0.31424.327
MinimumVisualStudioVersion = 10.0.40219.1
Project("{9A19103F-16F7-4668-BE54-9A1E7A4F7556}") = "carMake", "carMake.csproj", "{6EBB18A6-8A8D-4C1C-87BA-63A7FA7922F9}"
EndProject
Global
	GlobalSection(SolutionConfigurationPlatforms) = preSolution
		Debug|Any CPU = Debug|Any CPU
		Release|Any CPU = Release|Any CPU
	EndGlobalSection
	GlobalSection(ProjectConfigurationPlatforms) = postSolution
		{6EBB18A6-8A8D-4C1C-87BA-63A7FA7922F9}.Debug|Any CPU.ActiveCfg = Debug|Any CPU
		{6EBB18A6-8A8D-4C1C-87BA-63A7FA7922F9}.Debug|Any CPU.Build.0 = Debug|Any CPU
		{6EBB18A6-8A8D-4C1C-87BA-63A7FA7922F9}.Release|Any CPU.ActiveCfg = Release|Any CPU
		{6EBB18A6-8A8D-4C1C-87BA-63A7FA7922F9}.Release|Any CPU.Build.0 = Release|Any CPU
	EndGlobalSection
	GlobalSection(SolutionProperties) = preSolution
		HideSolutionNode = FALSE
	EndGlobalSection
	GlobalSection(ExtensibilityGlobals) = postSolution
		SolutionGuid = {A3B998DC-8F35-406E-A297-CB8352A09CF9}
	EndGlobalSection
EndGlobal
